<?xml version="1.0" encoding="utf-8"?>
<Project ToolsVersion="4.0" xmlns="http://schemas.microsoft.com/developer/msbuild/2003">
  <ItemGroup>
    <Filter Include="src">
      <UniqueIdentifier>{c49454b7-b713-4005-a545-4cfa7f2691f0}</UniqueIdentifier>
    </Filter>
    <Filter Include="doc">
      <UniqueIdentifier>{d32b8d17-cd56-455f-8190-01e5150329f9}</UniqueIdentifier>
    </Filter>
    <Filter Include="common">
      <UniqueIdentifier>{6ef03981-9aa1-4ecb-a689-f9beda4e17e4}</UniqueIdentifier>
    </Filter>
    <Filter Include="common\Network">
      <UniqueIdentifier>{86a807b9-f409-437d-ad13-ee3325acb5c5}</UniqueIdentifier>
    </Filter>
    <Filter Include="common\Graphics">
      <UniqueIdentifier>{d7757462-e977-42d9-818c-35f8b7da3bf2}</UniqueIdentifier>
    </Filter>
    <Filter Include="common\Core">
      <UniqueIdentifier>{ba6d85e0-ad95-4fa1-bbdf-cfd4823ebed7}</UniqueIdentifier>
    </Filter>
  </ItemGroup>
  <ItemGroup>
    <ClInclude Include="src\stdafx.h">
      <Filter>src</Filter>
    </ClInclude>
    <ClInclude Include="src\GlobalVars.h">
      <Filter>src</Filter>
    </ClInclude>
    <ClInclude Include="src\Launcher.h">
      <Filter>src</Filter>
    </ClInclude>
    <ClInclude Include="src\NetworkThread.h">
      <Filter>src</Filter>
    </ClInclude>
    <ClInclude Include="..\common\CommonFunctions.h">
      <Filter>common</Filter>
    </ClInclude>
    <ClInclude Include="..\common\defines.h">
      <Filter>common</Filter>
    </ClInclude>
    <ClInclude Include="..\common\Network\ClientTCP.h">
      <Filter>common\Network</Filter>
    </ClInclude>
    <ClInclude Include="..\common\Network\ServerTCP.h">
      <Filter>common\Network</Filter>
    </ClInclude>
    <ClInclude Include="..\common\Network\SocketClientTCP.h">
      <Filter>common\Network</Filter>
    </ClInclude>
    <ClInclude Include="..\common\Network\SocketServerTCP.h">
      <Filter>common\Network</Filter>
    </ClInclude>
    <ClInclude Include="..\common\Counters.h">
      <Filter>common</Filter>
    </ClInclude>
    <ClInclude Include="..\common\Graphics\lImage.h">
      <Filter>common\Graphics</Filter>
    </ClInclude>
    <ClInclude Include="..\common\Graphics\lSprite.h">
      <Filter>common\Graphics</Filter>
    </ClInclude>
    <ClInclude Include="..\common\Graphics\ProgressBar.h">
      <Filter>common\Graphics</Filter>
    </ClInclude>
    <ClInclude Include="..\common\Core\Math.h">
      <Filter>common\Core</Filter>
    </ClInclude>
  </ItemGroup>
  <ItemGroup>
    <ClCompile Include="src\stdafx.cpp">
      <Filter>src</Filter>
    </ClCompile>
    <ClCompile Include="src\GlobalVars.cpp">
      <Filter>src</Filter>
    </ClCompile>
    <ClCompile Include="src\Launcher.cpp">
      <Filter>src</Filter>
    </ClCompile>
    <ClCompile Include="src\NetworkThread.cpp">
      <Filter>src</Filter>
    </ClCompile>
    <ClCompile Include="..\common\CommonFunctions.cpp">
      <Filter>common</Filter>
    </ClCompile>
    <ClCompile Include="..\common\Network\ClientTCP.cpp">
      <Filter>common\Network</Filter>
    </ClCompile>
    <ClCompile Include="..\common\Network\ServerTCP.cpp">
      <Filter>common\Network</Filter>
    </ClCompile>
    <ClCompile Include="..\common\Network\SocketClientTCP.cpp">
      <Filter>common\Network</Filter>
    </ClCompile>
    <ClCompile Include="..\common\Network\SocketServerTCP.cpp">
      <Filter>common\Network</Filter>
    </ClCompile>
    <ClCompile Include="..\common\Counters.cpp">
      <Filter>common</Filter>
    </ClCompile>
    <ClCompile Include="..\common\Graphics\lImage.cpp">
      <Filter>common\Graphics</Filter>
    </ClCompile>
    <ClCompile Include="..\common\Graphics\lSprite.cpp">
      <Filter>common\Graphics</Filter>
    </ClCompile>
    <ClCompile Include="..\common\Graphics\ProgressBar.cpp">
      <Filter>common\Graphics</Filter>
    </ClCompile>
    <ClCompile Include="..\common\Core\Math.cpp">
      <Filter>common\Core</Filter>
    </ClCompile>
  </ItemGroup>
  <ItemGroup>
    <Text Include="..\..\..\doc\LauncherFunctionallity.txt">
      <Filter>doc</Filter>
    </Text>
  </ItemGroup>
</Project>